// !$*UTF8*$!
{
	archiveVersion = 1;
	classes = {
	};
	objectVersion = 55;
	objects = {

/* Begin PBXBuildFile section */
		FA5954DB28917AF3000583BF /* Swift_TestApp.swift in Sources */ = {isa = PBXBuildFile; fileRef = FA5954DA28917AF3000583BF /* Swift_TestApp.swift */; };
		FA5954DD28917AF3000583BF /* ContentView.swift in Sources */ = {isa = PBXBuildFile; fileRef = FA5954DC28917AF3000583BF /* ContentView.swift */; };
		FA5954DF28917AF6000583BF /* Assets.xcassets in Resources */ = {isa = PBXBuildFile; fileRef = FA5954DE28917AF6000583BF /* Assets.xcassets */; };
		FA5954E228917AF6000583BF /* Preview Assets.xcassets in Resources */ = {isa = PBXBuildFile; fileRef = FA5954E128917AF6000583BF /* Preview Assets.xcassets */; };
		FA5954E428917AF6000583BF /* Persistence.swift in Sources */ = {isa = PBXBuildFile; fileRef = FA5954E328917AF6000583BF /* Persistence.swift */; };
		FA5954E728917AF6000583BF /* Swift_Test.xcdatamodeld in Sources */ = {isa = PBXBuildFile; fileRef = FA5954E528917AF6000583BF /* Swift_Test.xcdatamodeld */; };
		FA5954F128917AF6000583BF /* Swift_TestTests.swift in Sources */ = {isa = PBXBuildFile; fileRef = FA5954F028917AF6000583BF /* Swift_TestTests.swift */; };
		FA5954FB28917AF6000583BF /* Swift_TestUITests.swift in Sources */ = {isa = PBXBuildFile; fileRef = FA5954FA28917AF6000583BF /* Swift_TestUITests.swift */; };
		FA5954FD28917AF6000583BF /* Swift_TestUITestsLaunchTests.swift in Sources */ = {isa = PBXBuildFile; fileRef = FA5954FC28917AF6000583BF /* Swift_TestUITestsLaunchTests.swift */; };
/* End PBXBuildFile section */

/* Begin PBXContainerItemProxy section */
		FA5954ED28917AF6000583BF /* PBXContainerItemProxy */ = {
			isa = PBXContainerItemProxy;
			containerPortal = FA5954CF28917AF3000583BF /* Project object */;
			proxyType = 1;
			remoteGlobalIDString = FA5954D628917AF3000583BF;
			remoteInfo = "Swift-Test";
		};
		FA5954F728917AF6000583BF /* PBXContainerItemProxy */ = {
			isa = PBXContainerItemProxy;
			containerPortal = FA5954CF28917AF3000583BF /* Project object */;
			proxyType = 1;
			remoteGlobalIDString = FA5954D628917AF3000583BF;
			remoteInfo = "Swift-Test";
		};
/* End PBXContainerItemProxy section */

/* Begin PBXFileReference section */
		FA5954D728917AF3000583BF /* Swift-Test.app */ = {isa = PBXFileReference; explicitFileType = wrapper.application; includeInIndex = 0; path = "Swift-Test.app"; sourceTree = BUILT_PRODUCTS_DIR; };
		FA5954DA28917AF3000583BF /* Swift_TestApp.swift */ = {isa = PBXFileReference; lastKnownFileType = sourcecode.swift; path = Swift_TestApp.swift; sourceTree = "<group>"; };
		FA5954DC28917AF3000583BF /* ContentView.swift */ = {isa = PBXFileReference; lastKnownFileType = sourcecode.swift; path = ContentView.swift; sourceTree = "<group>"; };
		FA5954DE28917AF6000583BF /* Assets.xcassets */ = {isa = PBXFileReference; lastKnownFileType = folder.assetcatalog; path = Assets.xcassets; sourceTree = "<group>"; };
		FA5954E128917AF6000583BF /* Preview Assets.xcassets */ = {isa = PBXFileReference; lastKnownFileType = folder.assetcatalog; path = "Preview Assets.xcassets"; sourceTree = "<group>"; };
		FA5954E328917AF6000583BF /* Persistence.swift */ = {isa = PBXFileReference; lastKnownFileType = sourcecode.swift; path = Persistence.swift; sourceTree = "<group>"; };
		FA5954E628917AF6000583BF /* Swift_Test.xcdatamodel */ = {isa = PBXFileReference; lastKnownFileType = wrapper.xcdatamodel; path = Swift_Test.xcdatamodel; sourceTree = "<group>"; };
		FA5954EC28917AF6000583BF /* Swift-TestTests.xctest */ = {isa = PBXFileReference; explicitFileType = wrapper.cfbundle; includeInIndex = 0; path = "Swift-TestTests.xctest"; sourceTree = BUILT_PRODUCTS_DIR; };
		FA5954F028917AF6000583BF /* Swift_TestTests.swift */ = {isa = PBXFileReference; lastKnownFileType = sourcecode.swift; path = Swift_TestTests.swift; sourceTree = "<group>"; };
		FA5954F628917AF6000583BF /* Swift-TestUITests.xctest */ = {isa = PBXFileReference; explicitFileType = wrapper.cfbundle; includeInIndex = 0; path = "Swift-TestUITests.xctest"; sourceTree = BUILT_PRODUCTS_DIR; };
		FA5954FA28917AF6000583BF /* Swift_TestUITests.swift */ = {isa = PBXFileReference; lastKnownFileType = sourcecode.swift; path = Swift_TestUITests.swift; sourceTree = "<group>"; };
		FA5954FC28917AF6000583BF /* Swift_TestUITestsLaunchTests.swift */ = {isa = PBXFileReference; lastKnownFileType = sourcecode.swift; path = Swift_TestUITestsLaunchTests.swift; sourceTree = "<group>"; };
/* End PBXFileReference section */

/* Begin PBXFrameworksBuildPhase section */
		FA5954D428917AF3000583BF /* Frameworks */ = {
			isa = PBXFrameworksBuildPhase;
			buildActionMask = 2147483647;
			files = (
			);
			runOnlyForDeploymentPostprocessing = 0;
		};
		FA5954E928917AF6000583BF /* Frameworks */ = {
			isa = PBXFrameworksBuildPhase;
			buildActionMask = 2147483647;
			files = (
			);
			runOnlyForDeploymentPostprocessing = 0;
		};
		FA5954F328917AF6000583BF /* Frameworks */ = {
			isa = PBXFrameworksBuildPhase;
			buildActionMask = 2147483647;
			files = (
			);
			runOnlyForDeploymentPostprocessing = 0;
		};
/* End PBXFrameworksBuildPhase section */

/* Begin PBXGroup section */
		FA5954CE28917AF3000583BF = {
			isa = PBXGroup;
			children = (
				FA5954D928917AF3000583BF /* Swift-Test */,
				FA5954EF28917AF6000583BF /* Swift-TestTests */,
				FA5954F928917AF6000583BF /* Swift-TestUITests */,
				FA5954D828917AF3000583BF /* Products */,
			);
			sourceTree = "<group>";
		};
		FA5954D828917AF3000583BF /* Products */ = {
			isa = PBXGroup;
			children = (
				FA5954D728917AF3000583BF /* Swift-Test.app */,
				FA5954EC28917AF6000583BF /* Swift-TestTests.xctest */,
				FA5954F628917AF6000583BF /* Swift-TestUITests.xctest */,
			);
			name = Products;
			sourceTree = "<group>";
		};
		FA5954D928917AF3000583BF /* Swift-Test */ = {
			isa = PBXGroup;
			children = (
				FA5954DA28917AF3000583BF /* Swift_TestApp.swift */,
				FA5954DC28917AF3000583BF /* ContentView.swift */,
				FA5954DE28917AF6000583BF /* Assets.xcassets */,
				FA5954E328917AF6000583BF /* Persistence.swift */,
				FA5954E528917AF6000583BF /* Swift_Test.xcdatamodeld */,
				FA5954E028917AF6000583BF /* Preview Content */,
			);
			path = "Swift-Test";
			sourceTree = "<group>";
		};
		FA5954E028917AF6000583BF /* Preview Content */ = {
			isa = PBXGroup;
			children = (
				FA5954E128917AF6000583BF /* Preview Assets.xcassets */,
			);
			path = "Preview Content";
			sourceTree = "<group>";
		};
		FA5954EF28917AF6000583BF /* Swift-TestTests */ = {
			isa = PBXGroup;
			children = (
				FA5954F028917AF6000583BF /* Swift_TestTests.swift */,
			);
			path = "Swift-TestTests";
			sourceTree = "<group>";
		};
		FA5954F928917AF6000583BF /* Swift-TestUITests */ = {
			isa = PBXGroup;
			children = (
				FA5954FA28917AF6000583BF /* Swift_TestUITests.swift */,
				FA5954FC28917AF6000583BF /* Swift_TestUITestsLaunchTests.swift */,
			);
			path = "Swift-TestUITests";
			sourceTree = "<group>";
		};
/* End PBXGroup section */

/* Begin PBXNativeTarget section */
		FA5954D628917AF3000583BF /* Swift-Test */ = {
			isa = PBXNativeTarget;
			buildConfigurationList = FA59550028917AF6000583BF /* Build configuration list for PBXNativeTarget "Swift-Test" */;
			buildPhases = (
				FA5954D328917AF3000583BF /* Sources */,
				FA5954D428917AF3000583BF /* Frameworks */,
				FA5954D528917AF3000583BF /* Resources */,
			);
			buildRules = (
			);
			dependencies = (
			);
			name = "Swift-Test";
			productName = "Swift-Test";
			productReference = FA5954D728917AF3000583BF /* Swift-Test.app */;
			productType = "com.apple.product-type.application";
		};
		FA5954EB28917AF6000583BF /* Swift-TestTests */ = {
			isa = PBXNativeTarget;
			buildConfigurationList = FA59550328917AF6000583BF /* Build configuration list for PBXNativeTarget "Swift-TestTests" */;
			buildPhases = (
				FA5954E828917AF6000583BF /* Sources */,
				FA5954E928917AF6000583BF /* Frameworks */,
				FA5954EA28917AF6000583BF /* Resources */,
			);
			buildRules = (
			);
			dependencies = (
				FA5954EE28917AF6000583BF /* PBXTargetDependency */,
			);
			name = "Swift-TestTests";
			productName = "Swift-TestTests";
			productReference = FA5954EC28917AF6000583BF /* Swift-TestTests.xctest */;
			productType = "com.apple.product-type.bundle.unit-test";
		};
		FA5954F528917AF6000583BF /* Swift-TestUITests */ = {
			isa = PBXNativeTarget;
			buildConfigurationList = FA59550628917AF6000583BF /* Build configuration list for PBXNativeTarget "Swift-TestUITests" */;
			buildPhases = (
				FA5954F228917AF6000583BF /* Sources */,
				FA5954F328917AF6000583BF /* Frameworks */,
				FA5954F428917AF6000583BF /* Resources */,
			);
			buildRules = (
			);
			dependencies = (
				FA5954F828917AF6000583BF /* PBXTargetDependency */,
			);
			name = "Swift-TestUITests";
			productName = "Swift-TestUITests";
			productReference = FA5954F628917AF6000583BF /* Swift-TestUITests.xctest */;
			productType = "com.apple.product-type.bundle.ui-testing";
		};
/* End PBXNativeTarget section */

/* Begin PBXProject section */
		FA5954CF28917AF3000583BF /* Project object */ = {
			isa = PBXProject;
			attributes = {
				BuildIndependentTargetsInParallel = 1;
				LastSwiftUpdateCheck = 1340;
				LastUpgradeCheck = 1340;
				TargetAttributes = {
					FA5954D628917AF3000583BF = {
						CreatedOnToolsVersion = 13.4.1;
					};
					FA5954EB28917AF6000583BF = {
						CreatedOnToolsVersion = 13.4.1;
						TestTargetID = FA5954D628917AF3000583BF;
					};
					FA5954F528917AF6000583BF = {
						CreatedOnToolsVersion = 13.4.1;
						TestTargetID = FA5954D628917AF3000583BF;
					};
				};
			};
			buildConfigurationList = FA5954D228917AF3000583BF /* Build configuration list for PBXProject "Swift-Test" */;
			compatibilityVersion = "Xcode 13.0";
			developmentRegion = en;
			hasScannedForEncodings = 0;
			knownRegions = (
				en,
				Base,
			);
			mainGroup = FA5954CE28917AF3000583BF;
			productRefGroup = FA5954D828917AF3000583BF /* Products */;
			projectDirPath = "";
			projectRoot = "";
			targets = (
				FA5954D628917AF3000583BF /* Swift-Test */,
				FA5954EB28917AF6000583BF /* Swift-TestTests */,
				FA5954F528917AF6000583BF /* Swift-TestUITests */,
			);
		};
/* End PBXProject section */

/* Begin PBXResourcesBuildPhase section */
		FA5954D528917AF3000583BF /* Resources */ = {
			isa = PBXResourcesBuildPhase;
			buildActionMask = 2147483647;
			files = (
				FA5954E228917AF6000583BF /* Preview Assets.xcassets in Resources */,
				FA5954DF28917AF6000583BF /* Assets.xcassets in Resources */,
			);
			runOnlyForDeploymentPostprocessing = 0;
		};
		FA5954EA28917AF6000583BF /* Resources */ = {
			isa = PBXResourcesBuildPhase;
			buildActionMask = 2147483647;
			files = (
			);
			runOnlyForDeploymentPostprocessing = 0;
		};
		FA5954F428917AF6000583BF /* Resources */ = {
			isa = PBXResourcesBuildPhase;
			buildActionMask = 2147483647;
			files = (
			);
			runOnlyForDeploymentPostprocessing = 0;
		};
/* End PBXResourcesBuildPhase section */

/* Begin PBXSourcesBuildPhase section */
		FA5954D328917AF3000583BF /* Sources */ = {
			isa = PBXSourcesBuildPhase;
			buildActionMask = 2147483647;
			files = (
				FA5954E428917AF6000583BF /* Persistence.swift in Sources */,
				FA5954DD28917AF3000583BF /* ContentView.swift in Sources */,
				FA5954DB28917AF3000583BF /* Swift_TestApp.swift in Sources */,
				FA5954E728917AF6000583BF /* Swift_Test.xcdatamodeld in Sources */,
			);
			runOnlyForDeploymentPostprocessing = 0;
		};
		FA5954E828917AF6000583BF /* Sources */ = {
			isa = PBXSourcesBuildPhase;
			buildActionMask = 2147483647;
			files = (
				FA5954F128917AF6000583BF /* Swift_TestTests.swift in Sources */,
			);
			runOnlyForDeploymentPostprocessing = 0;
		};
		FA5954F228917AF6000583BF /* Sources */ = {
			isa = PBXSourcesBuildPhase;
			buildActionMask = 2147483647;
			files = (
				FA5954FD28917AF6000583BF /* Swift_TestUITestsLaunchTests.swift in Sources */,
				FA5954FB28917AF6000583BF /* Swift_TestUITests.swift in Sources */,
			);
			runOnlyForDeploymentPostprocessing = 0;
		};
/* End PBXSourcesBuildPhase section */

/* Begin PBXTargetDependency section */
		FA5954EE28917AF6000583BF /* PBXTargetDependency */ = {
			isa = PBXTargetDependency;
			target = FA5954D628917AF3000583BF /* Swift-Test */;
			targetProxy = FA5954ED28917AF6000583BF /* PBXContainerItemProxy */;
		};
		FA5954F828917AF6000583BF /* PBXTargetDependency */ = {
			isa = PBXTargetDependency;
			target = FA5954D628917AF3000583BF /* Swift-Test */;
			targetProxy = FA5954F728917AF6000583BF /* PBXContainerItemProxy */;
		};
/* End PBXTargetDependency section */

/* Begin XCBuildConfiguration section */
		FA5954FE28917AF6000583BF /* Debug */ = {
			isa = XCBuildConfiguration;
			buildSettings = {
				ALWAYS_SEARCH_USER_PATHS = NO;
				CLANG_ANALYZER_NONNULL = YES;
				CLANG_ANALYZER_NUMBER_OBJECT_CONVERSION = YES_AGGRESSIVE;
				CLANG_CXX_LANGUAGE_STANDARD = "gnu++17";
				CLANG_ENABLE_MODULES = YES;
				CLANG_ENABLE_OBJC_ARC = YES;
				CLANG_ENABLE_OBJC_WEAK = YES;
				CLANG_WARN_BLOCK_CAPTURE_AUTORELEASING = YES;
				CLANG_WARN_BOOL_CONVERSION = YES;
				CLANG_WARN_COMMA = YES;
				CLANG_WARN_CONSTANT_CONVERSION = YES;
				CLANG_WARN_DEPRECATED_OBJC_IMPLEMENTATIONS = YES;
				CLANG_WARN_DIRECT_OBJC_ISA_USAGE = YES_ERROR;
				CLANG_WARN_DOCUMENTATION_COMMENTS = YES;
				CLANG_WARN_EMPTY_BODY = YES;
				CLANG_WARN_ENUM_CONVERSION = YES;
				CLANG_WARN_INFINITE_RECURSION = YES;
				CLANG_WARN_INT_CONVERSION = YES;
				CLANG_WARN_NON_LITERAL_NULL_CONVERSION = YES;
				CLANG_WARN_OBJC_IMPLICIT_RETAIN_SELF = YES;
				CLANG_WARN_OBJC_LITERAL_CONVERSION = YES;
				CLANG_WARN_OBJC_ROOT_CLASS = YES_ERROR;
				CLANG_WARN_QUOTED_INCLUDE_IN_FRAMEWORK_HEADER = YES;
				CLANG_WARN_RANGE_LOOP_ANALYSIS = YES;
				CLANG_WARN_STRICT_PROTOTYPES = YES;
				CLANG_WARN_SUSPICIOUS_MOVE = YES;
				CLANG_WARN_UNGUARDED_AVAILABILITY = YES_AGGRESSIVE;
				CLANG_WARN_UNREACHABLE_CODE = YES;
				CLANG_WARN__DUPLICATE_METHOD_MATCH = YES;
				COPY_PHASE_STRIP = NO;
				DEBUG_INFORMATION_FORMAT = dwarf;
				ENABLE_STRICT_OBJC_MSGSEND = YES;
				ENABLE_TESTABILITY = YES;
				GCC_C_LANGUAGE_STANDARD = gnu11;
				GCC_DYNAMIC_NO_PIC = NO;
				GCC_NO_COMMON_BLOCKS = YES;
				GCC_OPTIMIZATION_LEVEL = 0;
				GCC_PREPROCESSOR_DEFINITIONS = (
					"DEBUG=1",
					"$(inherited)",
				);
				GCC_WARN_64_TO_32_BIT_CONVERSION = YES;
				GCC_WARN_ABOUT_RETURN_TYPE = YES_ERROR;
				GCC_WARN_UNDECLARED_SELECTOR = YES;
				GCC_WARN_UNINITIALIZED_AUTOS = YES_AGGRESSIVE;
				GCC_WARN_UNUSED_FUNCTION = YES;
				GCC_WARN_UNUSED_VARIABLE = YES;
				IPHONEOS_DEPLOYMENT_TARGET = 15.5;
				MTL_ENABLE_DEBUG_INFO = INCLUDE_SOURCE;
				MTL_FAST_MATH = YES;
				ONLY_ACTIVE_ARCH = YES;
				SDKROOT = iphoneos;
				SWIFT_ACTIVE_COMPILATION_CONDITIONS = DEBUG;
				SWIFT_OPTIMIZATION_LEVEL = "-Onone";
			};
			name = Debug;
		};
		FA5954FF28917AF6000583BF /* Release */ = {
			isa = XCBuildConfiguration;
			buildSettings = {
				ALWAYS_SEARCH_USER_PATHS = NO;
				CLANG_ANALYZER_NONNULL = YES;
				CLANG_ANALYZER_NUMBER_OBJECT_CONVERSION = YES_AGGRESSIVE;
				CLANG_CXX_LANGUAGE_STANDARD = "gnu++17";
				CLANG_ENABLE_MODULES = YES;
				CLANG_ENABLE_OBJC_ARC = YES;
				CLANG_ENABLE_OBJC_WEAK = YES;
				CLANG_WARN_BLOCK_CAPTURE_AUTORELEASING = YES;
				CLANG_WARN_BOOL_CONVERSION = YES;
				CLANG_WARN_COMMA = YES;
				CLANG_WARN_CONSTANT_CONVERSION = YES;
				CLANG_WARN_DEPRECATED_OBJC_IMPLEMENTATIONS = YES;
				CLANG_WARN_DIRECT_OBJC_ISA_USAGE = YES_ERROR;
				CLANG_WARN_DOCUMENTATION_COMMENTS = YES;
				CLANG_WARN_EMPTY_BODY = YES;
				CLANG_WARN_ENUM_CONVERSION = YES;
				CLANG_WARN_INFINITE_RECURSION = YES;
				CLANG_WARN_INT_CONVERSION = YES;
				CLANG_WARN_NON_LITERAL_NULL_CONVERSION = YES;
				CLANG_WARN_OBJC_IMPLICIT_RETAIN_SELF = YES;
				CLANG_WARN_OBJC_LITERAL_CONVERSION = YES;
				CLANG_WARN_OBJC_ROOT_CLASS = YES_ERROR;
				CLANG_WARN_QUOTED_INCLUDE_IN_FRAMEWORK_HEADER = YES;
				CLANG_WARN_RANGE_LOOP_ANALYSIS = YES;
				CLANG_WARN_STRICT_PROTOTYPES = YES;
				CLANG_WARN_SUSPICIOUS_MOVE = YES;
				CLANG_WARN_UNGUARDED_AVAILABILITY = YES_AGGRESSIVE;
				CLANG_WARN_UNREACHABLE_CODE = YES;
				CLANG_WARN__DUPLICATE_METHOD_MATCH = YES;
				COPY_PHASE_STRIP = NO;
				DEBUG_INFORMATION_FORMAT = "dwarf-with-dsym";
				ENABLE_NS_ASSERTIONS = NO;
				ENABLE_STRICT_OBJC_MSGSEND = YES;
				GCC_C_LANGUAGE_STANDARD = gnu11;
				GCC_NO_COMMON_BLOCKS = YES;
				GCC_WARN_64_TO_32_BIT_CONVERSION = YES;
				GCC_WARN_ABOUT_RETURN_TYPE = YES_ERROR;
				GCC_WARN_UNDECLARED_SELECTOR = YES;
				GCC_WARN_UNINITIALIZED_AUTOS = YES_AGGRESSIVE;
				GCC_WARN_UNUSED_FUNCTION = YES;
				GCC_WARN_UNUSED_VARIABLE = YES;
				IPHONEOS_DEPLOYMENT_TARGET = 15.5;
				MTL_ENABLE_DEBUG_INFO = NO;
				MTL_FAST_MATH = YES;
				SDKROOT = iphoneos;
				SWIFT_COMPILATION_MODE = wholemodule;
				SWIFT_OPTIMIZATION_LEVEL = "-O";
				VALIDATE_PRODUCT = YES;
			};
			name = Release;
		};
		FA59550128917AF6000583BF /* Debug */ = {
			isa = XCBuildConfiguration;
			buildSettings = {
				ASSETCATALOG_COMPILER_APPICON_NAME = AppIcon;
				ASSETCATALOG_COMPILER_GLOBAL_ACCENT_COLOR_NAME = AccentColor;
				CODE_SIGN_STYLE = Automatic;
				CURRENT_PROJECT_VERSION = 1;
				DEVELOPMENT_ASSET_PATHS = "\"Swift-Test/Preview Content\"";
				DEVELOPMENT_TEAM = 73G7C7T8GZ;
				ENABLE_PREVIEWS = YES;
				GENERATE_INFOPLIST_FILE = YES;
				INFOPLIST_KEY_UIApplicationSceneManifest_Generation = YES;
				INFOPLIST_KEY_UIApplicationSupportsIndirectInputEvents = YES;
				INFOPLIST_KEY_UILaunchScreen_Generation = YES;
				INFOPLIST_KEY_UISupportedInterfaceOrientations_iPad = "UIInterfaceOrientationPortrait UIInterfaceOrientationPortraitUpsideDown UIInterfaceOrientationLandscapeLeft UIInterfaceOrientationLandscapeRight";
				INFOPLIST_KEY_UISupportedInterfaceOrientations_iPhone = "UIInterfaceOrientationPortrait UIInterfaceOrientationLandscapeLeft UIInterfaceOrientationLandscapeRight";
				LD_RUNPATH_SEARCH_PATHS = (
					"$(inherited)",
					"@executable_path/Frameworks",
				);
				MARKETING_VERSION = 1.0;
				PRODUCT_BUNDLE_IDENTIFIER = "github.Swift-Test";
				PRODUCT_NAME = "$(TARGET_NAME)";
				SWIFT_EMIT_LOC_STRINGS = YES;
				SWIFT_VERSION = 5.0;
				TARGETED_DEVICE_FAMILY = "1,2";
			};
			name = Debug;
		};
		FA59550228917AF6000583BF /* Release */ = {
			isa = XCBuildConfiguration;
			buildSettings = {
				ASSETCATALOG_COMPILER_APPICON_NAME = AppIcon;
				ASSETCATALOG_COMPILER_GLOBAL_ACCENT_COLOR_NAME = AccentColor;
				CODE_SIGN_STYLE = Automatic;
				CURRENT_PROJECT_VERSION = 1;
				DEVELOPMENT_ASSET_PATHS = "\"Swift-Test/Preview Content\"";
				DEVELOPMENT_TEAM = 73G7C7T8GZ;
				ENABLE_PREVIEWS = YES;
				GENERATE_INFOPLIST_FILE = YES;
				INFOPLIST_KEY_UIApplicationSceneManifest_Generation = YES;
				INFOPLIST_KEY_UIApplicationSupportsIndirectInputEvents = YES;
				INFOPLIST_KEY_UILaunchScreen_Generation = YES;
				INFOPLIST_KEY_UISupportedInterfaceOrientations_iPad = "UIInterfaceOrientationPortrait UIInterfaceOrientationPortraitUpsideDown UIInterfaceOrientationLandscapeLeft UIInterfaceOrientationLandscapeRight";
				INFOPLIST_KEY_UISupportedInterfaceOrientations_iPhone = "UIInterfaceOrientationPortrait UIInterfaceOrientationLandscapeLeft UIInterfaceOrientationLandscapeRight";
				LD_RUNPATH_SEARCH_PATHS = (
					"$(inherited)",
					"@executable_path/Frameworks",
				);
				MARKETING_VERSION = 1.0;
				PRODUCT_BUNDLE_IDENTIFIER = "github.Swift-Test";
				PRODUCT_NAME = "$(TARGET_NAME)";
				SWIFT_EMIT_LOC_STRINGS = YES;
				SWIFT_VERSION = 5.0;
				TARGETED_DEVICE_FAMILY = "1,2";
			};
			name = Release;
		};
		FA59550428917AF6000583BF /* Debug */ = {
			isa = XCBuildConfiguration;
			buildSettings = {
				ALWAYS_EMBED_SWIFT_STANDARD_LIBRARIES = YES;
				BUNDLE_LOADER = "$(TEST_HOST)";
				CODE_SIGN_STYLE = Automatic;
				CURRENT_PROJECT_VERSION = 1;
				DEVELOPMENT_TEAM = 73G7C7T8GZ;
				GENERATE_INFOPLIST_FILE = YES;
				IPHONEOS_DEPLOYMENT_TARGET = 15.5;
				MARKETING_VERSION = 1.0;
				PRODUCT_BUNDLE_IDENTIFIER = "github.Swift-TestTests";
				PRODUCT_NAME = "$(TARGET_NAME)";
				SWIFT_EMIT_LOC_STRINGS = NO;
				SWIFT_VERSION = 5.0;
				TARGETED_DEVICE_FAMILY = "1,2";
				TEST_HOST = "$(BUILT_PRODUCTS_DIR)/Swift-Test.app/Swift-Test";
			};
			name = Debug;
		};
		FA59550528917AF6000583BF /* Release */ = {
			isa = XCBuildConfiguration;
			buildSettings = {
				ALWAYS_EMBED_SWIFT_STANDARD_LIBRARIES = YES;
				BUNDLE_LOADER = "$(TEST_HOST)";
				CODE_SIGN_STYLE = Automatic;
				CURRENT_PROJECT_VERSION = 1;
				DEVELOPMENT_TEAM = 73G7C7T8GZ;
				GENERATE_INFOPLIST_FILE = YES;
				IPHONEOS_DEPLOYMENT_TARGET = 15.5;
				MARKETING_VERSION = 1.0;
				PRODUCT_BUNDLE_IDENTIFIER = "github.Swift-TestTests";
				PRODUCT_NAME = "$(TARGET_NAME)";
				SWIFT_EMIT_LOC_STRINGS = NO;
				SWIFT_VERSION = 5.0;
				TARGETED_DEVICE_FAMILY = "1,2";
				TEST_HOST = "$(BUILT_PRODUCTS_DIR)/Swift-Test.app/Swift-Test";
			};
			name = Release;
		};
		FA59550728917AF6000583BF /* Debug */ = {
			isa = XCBuildConfiguration;
			buildSettings = {
				ALWAYS_EMBED_SWIFT_STANDARD_LIBRARIES = YES;
				CODE_SIGN_STYLE = Automatic;
				CURRENT_PROJECT_VERSION = 1;
				DEVELOPMENT_TEAM = 73G7C7T8GZ;
				GENERATE_INFOPLIST_FILE = YES;
				MARKETING_VERSION = 1.0;
				PRODUCT_BUNDLE_IDENTIFIER = "github.Swift-TestUITests";
				PRODUCT_NAME = "$(TARGET_NAME)";
				SWIFT_EMIT_LOC_STRINGS = NO;
				SWIFT_VERSION = 5.0;
				TARGETED_DEVICE_FAMILY = "1,2";
				TEST_TARGET_NAME = "Swift-Test";
			};
			name = Debug;
		};
		FA59550828917AF6000583BF /* Release */ = {
			isa = XCBuildConfiguration;
			buildSettings = {
				ALWAYS_EMBED_SWIFT_STANDARD_LIBRARIES = YES;
				CODE_SIGN_STYLE = Automatic;
				CURRENT_PROJECT_VERSION = 1;
				DEVELOPMENT_TEAM = 73G7C7T8GZ;
				GENERATE_INFOPLIST_FILE = YES;
				MARKETING_VERSION = 1.0;
				PRODUCT_BUNDLE_IDENTIFIER = "github.Swift-TestUITests";
				PRODUCT_NAME = "$(TARGET_NAME)";
				SWIFT_EMIT_LOC_STRINGS = NO;
				SWIFT_VERSION = 5.0;
				TARGETED_DEVICE_FAMILY = "1,2";
				TEST_TARGET_NAME = "Swift-Test";
			};
			name = Release;
		};
/* End XCBuildConfiguration section */

/* Begin XCConfigurationList section */
		FA5954D228917AF3000583BF /* Build configuration list for PBXProject "Swift-Test" */ = {
			isa = XCConfigurationList;
			buildConfigurations = (
				FA5954FE28917AF6000583BF /* Debug */,
				FA5954FF28917AF6000583BF /* Release */,
			);
			defaultConfigurationIsVisible = 0;
			defaultConfigurationName = Release;
		};
		FA59550028917AF6000583BF /* Build configuration list for PBXNativeTarget "Swift-Test" */ = {
			isa = XCConfigurationList;
			buildConfigurations = (
				FA59550128917AF6000583BF /* Debug */,
				FA59550228917AF6000583BF /* Release */,
			);
			defaultConfigurationIsVisible = 0;
			defaultConfigurationName = Release;
		};
		FA59550328917AF6000583BF /* Build configuration list for PBXNativeTarget "Swift-TestTests" */ = {
			isa = XCConfigurationList;
			buildConfigurations = (
				FA59550428917AF6000583BF /* Debug */,
				FA59550528917AF6000583BF /* Release */,
			);
			defaultConfigurationIsVisible = 0;
			defaultConfigurationName = Release;
		};
		FA59550628917AF6000583BF /* Build configuration list for PBXNativeTarget "Swift-TestUITests" */ = {
			isa = XCConfigurationList;
			buildConfigurations = (
				FA59550728917AF6000583BF /* Debug */,
				FA59550828917AF6000583BF /* Release */,
			);
			defaultConfigurationIsVisible = 0;
			defaultConfigurationName = Release;
		};
/* End XCConfigurationList section */

/* Begin XCVersionGroup section */
		FA5954E528917AF6000583BF /* Swift_Test.xcdatamodeld */ = {
			isa = XCVersionGroup;
			children = (
				FA5954E628917AF6000583BF /* Swift_Test.xcdatamodel */,
			);
			currentVersion = FA5954E628917AF6000583BF /* Swift_Test.xcdatamodel */;
			path = Swift_Test.xcdatamodeld;
			sourceTree = "<group>";
			versionGroupType = wrapper.xcdatamodel;
		};
/* End XCVersionGroup section */
	};
	rootObject = FA5954CF28917AF3000583BF /* Project object */;
}
